// !$*UTF8*$!
{
	archiveVersion = 1;
	classes = {
	};
	objectVersion = 46;
	objects = {

/* Begin PBXBuildFile section */
		FA1033F71B8AD6E700C1FB8A /* AppDelegate.swift in Sources */ = {isa = PBXBuildFile; fileRef = FA1033F61B8AD6E700C1FB8A /* AppDelegate.swift */; };
		FA1033F91B8AD6E700C1FB8A /* GameScene.sks in Resources */ = {isa = PBXBuildFile; fileRef = FA1033F81B8AD6E700C1FB8A /* GameScene.sks */; };
		FA1033FB1B8AD6E700C1FB8A /* GameScene.swift in Sources */ = {isa = PBXBuildFile; fileRef = FA1033FA1B8AD6E700C1FB8A /* GameScene.swift */; };
		FA1033FD1B8AD6E700C1FB8A /* GameViewController.swift in Sources */ = {isa = PBXBuildFile; fileRef = FA1033FC1B8AD6E700C1FB8A /* GameViewController.swift */; };
		FA1034001B8AD6E700C1FB8A /* Main.storyboard in Resources */ = {isa = PBXBuildFile; fileRef = FA1033FE1B8AD6E700C1FB8A /* Main.storyboard */; };
		FA1034021B8AD6E700C1FB8A /* Images.xcassets in Resources */ = {isa = PBXBuildFile; fileRef = FA1034011B8AD6E700C1FB8A /* Images.xcassets */; };
		FA1034051B8AD6E700C1FB8A /* LaunchScreen.xib in Resources */ = {isa = PBXBuildFile; fileRef = FA1034031B8AD6E700C1FB8A /* LaunchScreen.xib */; };
		FA1034111B8AD6E700C1FB8A /* L06Hello2DGame_IOSTests.swift in Sources */ = {isa = PBXBuildFile; fileRef = FA1034101B8AD6E700C1FB8A /* L06Hello2DGame_IOSTests.swift */; };
/* End PBXBuildFile section */

/* Begin PBXContainerItemProxy section */
		FA10340B1B8AD6E700C1FB8A /* PBXContainerItemProxy */ = {
			isa = PBXContainerItemProxy;
			containerPortal = FA1033E91B8AD6E700C1FB8A /* Project object */;
			proxyType = 1;
			remoteGlobalIDString = FA1033F01B8AD6E700C1FB8A;
			remoteInfo = "L06Hello2DGame-IOS";
		};
/* End PBXContainerItemProxy section */

/* Begin PBXFileReference section */
		FA1033F11B8AD6E700C1FB8A /* L06Hello2DGame-IOS.app */ = {isa = PBXFileReference; explicitFileType = wrapper.application; includeInIndex = 0; path = "L06Hello2DGame-IOS.app"; sourceTree = BUILT_PRODUCTS_DIR; };
		FA1033F51B8AD6E700C1FB8A /* Info.plist */ = {isa = PBXFileReference; lastKnownFileType = text.plist.xml; path = Info.plist; sourceTree = "<group>"; };
		FA1033F61B8AD6E700C1FB8A /* AppDelegate.swift */ = {isa = PBXFileReference; lastKnownFileType = sourcecode.swift; path = AppDelegate.swift; sourceTree = "<group>"; };
		FA1033F81B8AD6E700C1FB8A /* GameScene.sks */ = {isa = PBXFileReference; lastKnownFileType = file.sks; path = GameScene.sks; sourceTree = "<group>"; };
		FA1033FA1B8AD6E700C1FB8A /* GameScene.swift */ = {isa = PBXFileReference; lastKnownFileType = sourcecode.swift; path = GameScene.swift; sourceTree = "<group>"; };
		FA1033FC1B8AD6E700C1FB8A /* GameViewController.swift */ = {isa = PBXFileReference; lastKnownFileType = sourcecode.swift; path = GameViewController.swift; sourceTree = "<group>"; };
		FA1033FF1B8AD6E700C1FB8A /* Base */ = {isa = PBXFileReference; lastKnownFileType = file.storyboard; name = Base; path = Base.lproj/Main.storyboard; sourceTree = "<group>"; };
		FA1034011B8AD6E700C1FB8A /* Images.xcassets */ = {isa = PBXFileReference; lastKnownFileType = folder.assetcatalog; path = Images.xcassets; sourceTree = "<group>"; };
		FA1034041B8AD6E700C1FB8A /* Base */ = {isa = PBXFileReference; lastKnownFileType = file.xib; name = Base; path = Base.lproj/LaunchScreen.xib; sourceTree = "<group>"; };
		FA10340A1B8AD6E700C1FB8A /* L06Hello2DGame-IOSTests.xctest */ = {isa = PBXFileReference; explicitFileType = wrapper.cfbundle; includeInIndex = 0; path = "L06Hello2DGame-IOSTests.xctest"; sourceTree = BUILT_PRODUCTS_DIR; };
		FA10340F1B8AD6E700C1FB8A /* Info.plist */ = {isa = PBXFileReference; lastKnownFileType = text.plist.xml; path = Info.plist; sourceTree = "<group>"; };
		FA1034101B8AD6E700C1FB8A /* L06Hello2DGame_IOSTests.swift */ = {isa = PBXFileReference; lastKnownFileType = sourcecode.swift; path = L06Hello2DGame_IOSTests.swift; sourceTree = "<group>"; };
/* End PBXFileReference section */

/* Begin PBXFrameworksBuildPhase section */
		FA1033EE1B8AD6E700C1FB8A /* Frameworks */ = {
			isa = PBXFrameworksBuildPhase;
			buildActionMask = 2147483647;
			files = (
			);
			runOnlyForDeploymentPostprocessing = 0;
		};
		FA1034071B8AD6E700C1FB8A /* Frameworks */ = {
			isa = PBXFrameworksBuildPhase;
			buildActionMask = 2147483647;
			files = (
			);
			runOnlyForDeploymentPostprocessing = 0;
		};
/* End PBXFrameworksBuildPhase section */

/* Begin PBXGroup section */
		FA1033E81B8AD6E700C1FB8A = {
			isa = PBXGroup;
			children = (
				FA1033F31B8AD6E700C1FB8A /* L06Hello2DGame-IOS */,
				FA10340D1B8AD6E700C1FB8A /* L06Hello2DGame-IOSTests */,
				FA1033F21B8AD6E700C1FB8A /* Products */,
			);
			sourceTree = "<group>";
		};
		FA1033F21B8AD6E700C1FB8A /* Products */ = {
			isa = PBXGroup;
			children = (
				FA1033F11B8AD6E700C1FB8A /* L06Hello2DGame-IOS.app */,
				FA10340A1B8AD6E700C1FB8A /* L06Hello2DGame-IOSTests.xctest */,
			);
			name = Products;
			sourceTree = "<group>";
		};
		FA1033F31B8AD6E700C1FB8A /* L06Hello2DGame-IOS */ = {
			isa = PBXGroup;
			children = (
				FA1033F61B8AD6E700C1FB8A /* AppDelegate.swift */,
				FA1033F81B8AD6E700C1FB8A /* GameScene.sks */,
				FA1033FA1B8AD6E700C1FB8A /* GameScene.swift */,
				FA1033FC1B8AD6E700C1FB8A /* GameViewController.swift */,
				FA1033FE1B8AD6E700C1FB8A /* Main.storyboard */,
				FA1034011B8AD6E700C1FB8A /* Images.xcassets */,
				FA1034031B8AD6E700C1FB8A /* LaunchScreen.xib */,
				FA1033F41B8AD6E700C1FB8A /* Supporting Files */,
			);
			path = "L06Hello2DGame-IOS";
			sourceTree = "<group>";
		};
		FA1033F41B8AD6E700C1FB8A /* Supporting Files */ = {
			isa = PBXGroup;
			children = (
				FA1033F51B8AD6E700C1FB8A /* Info.plist */,
			);
			name = "Supporting Files";
			sourceTree = "<group>";
		};
		FA10340D1B8AD6E700C1FB8A /* L06Hello2DGame-IOSTests */ = {
			isa = PBXGroup;
			children = (
				FA1034101B8AD6E700C1FB8A /* L06Hello2DGame_IOSTests.swift */,
				FA10340E1B8AD6E700C1FB8A /* Supporting Files */,
			);
			path = "L06Hello2DGame-IOSTests";
			sourceTree = "<group>";
		};
		FA10340E1B8AD6E700C1FB8A /* Supporting Files */ = {
			isa = PBXGroup;
			children = (
				FA10340F1B8AD6E700C1FB8A /* Info.plist */,
			);
			name = "Supporting Files";
			sourceTree = "<group>";
		};
/* End PBXGroup section */

/* Begin PBXNativeTarget section */
		FA1033F01B8AD6E700C1FB8A /* L06Hello2DGame-IOS */ = {
			isa = PBXNativeTarget;
			buildConfigurationList = FA1034141B8AD6E700C1FB8A /* Build configuration list for PBXNativeTarget "L06Hello2DGame-IOS" */;
			buildPhases = (
				FA1033ED1B8AD6E700C1FB8A /* Sources */,
				FA1033EE1B8AD6E700C1FB8A /* Frameworks */,
				FA1033EF1B8AD6E700C1FB8A /* Resources */,
			);
			buildRules = (
			);
			dependencies = (
			);
			name = "L06Hello2DGame-IOS";
			productName = "L06Hello2DGame-IOS";
			productReference = FA1033F11B8AD6E700C1FB8A /* L06Hello2DGame-IOS.app */;
			productType = "com.apple.product-type.application";
		};
		FA1034091B8AD6E700C1FB8A /* L06Hello2DGame-IOSTests */ = {
			isa = PBXNativeTarget;
			buildConfigurationList = FA1034171B8AD6E700C1FB8A /* Build configuration list for PBXNativeTarget "L06Hello2DGame-IOSTests" */;
			buildPhases = (
				FA1034061B8AD6E700C1FB8A /* Sources */,
				FA1034071B8AD6E700C1FB8A /* Frameworks */,
				FA1034081B8AD6E700C1FB8A /* Resources */,
			);
			buildRules = (
			);
			dependencies = (
				FA10340C1B8AD6E700C1FB8A /* PBXTargetDependency */,
			);
			name = "L06Hello2DGame-IOSTests";
			productName = "L06Hello2DGame-IOSTests";
			productReference = FA10340A1B8AD6E700C1FB8A /* L06Hello2DGame-IOSTests.xctest */;
			productType = "com.apple.product-type.bundle.unit-test";
		};
/* End PBXNativeTarget section */

/* Begin PBXProject section */
		FA1033E91B8AD6E700C1FB8A /* Project object */ = {
			isa = PBXProject;
			attributes = {
				LastUpgradeCheck = 0640;
				ORGANIZATIONNAME = gaoruishan;
				TargetAttributes = {
					FA1033F01B8AD6E700C1FB8A = {
						CreatedOnToolsVersion = 6.4;
					};
					FA1034091B8AD6E700C1FB8A = {
						CreatedOnToolsVersion = 6.4;
						TestTargetID = FA1033F01B8AD6E700C1FB8A;
					};
				};
			};
			buildConfigurationList = FA1033EC1B8AD6E700C1FB8A /* Build configuration list for PBXProject "L06Hello2DGame-IOS" */;
			compatibilityVersion = "Xcode 3.2";
			developmentRegion = English;
			hasScannedForEncodings = 0;
			knownRegions = (
				en,
				Base,
			);
			mainGroup = FA1033E81B8AD6E700C1FB8A;
			productRefGroup = FA1033F21B8AD6E700C1FB8A /* Products */;
			projectDirPath = "";
			projectRoot = "";
			targets = (
				FA1033F01B8AD6E700C1FB8A /* L06Hello2DGame-IOS */,
				FA1034091B8AD6E700C1FB8A /* L06Hello2DGame-IOSTests */,
			);
		};
/* End PBXProject section */

/* Begin PBXResourcesBuildPhase section */
		FA1033EF1B8AD6E700C1FB8A /* Resources */ = {
			isa = PBXResourcesBuildPhase;
			buildActionMask = 2147483647;
			files = (
				FA1034051B8AD6E700C1FB8A /* LaunchScreen.xib in Resources */,
				FA1034021B8AD6E700C1FB8A /* Images.xcassets in Resources */,
				FA1033F91B8AD6E700C1FB8A /* GameScene.sks in Resources */,
				FA1034001B8AD6E700C1FB8A /* Main.storyboard in Resources */,
			);
			runOnlyForDeploymentPostprocessing = 0;
		};
		FA1034081B8AD6E700C1FB8A /* Resources */ = {
			isa = PBXResourcesBuildPhase;
			buildActionMask = 2147483647;
			files = (
			);
			runOnlyForDeploymentPostprocessing = 0;
		};
/* End PBXResourcesBuildPhase section */

/* Begin PBXSourcesBuildPhase section */
		FA1033ED1B8AD6E700C1FB8A /* Sources */ = {
			isa = PBXSourcesBuildPhase;
			buildActionMask = 2147483647;
			files = (
				FA1033FB1B8AD6E700C1FB8A /* GameScene.swift in Sources */,
				FA1033FD1B8AD6E700C1FB8A /* GameViewController.swift in Sources */,
				FA1033F71B8AD6E700C1FB8A /* AppDelegate.swift in Sources */,
			);
			runOnlyForDeploymentPostprocessing = 0;
		};
		FA1034061B8AD6E700C1FB8A /* Sources */ = {
			isa = PBXSourcesBuildPhase;
			buildActionMask = 2147483647;
			files = (
				FA1034111B8AD6E700C1FB8A /* L06Hello2DGame_IOSTests.swift in Sources */,
			);
			runOnlyForDeploymentPostprocessing = 0;
		};
/* End PBXSourcesBuildPhase section */

/* Begin PBXTargetDependency section */
		FA10340C1B8AD6E700C1FB8A /* PBXTargetDependency */ = {
			isa = PBXTargetDependency;
			target = FA1033F01B8AD6E700C1FB8A /* L06Hello2DGame-IOS */;
			targetProxy = FA10340B1B8AD6E700C1FB8A /* PBXContainerItemProxy */;
		};
/* End PBXTargetDependency section */

/* Begin PBXVariantGroup section */
		FA1033FE1B8AD6E700C1FB8A /* Main.storyboard */ = {
			isa = PBXVariantGroup;
			children = (
				FA1033FF1B8AD6E700C1FB8A /* Base */,
			);
			name = Main.storyboard;
			sourceTree = "<group>";
		};
		FA1034031B8AD6E700C1FB8A /* LaunchScreen.xib */ = {
			isa = PBXVariantGroup;
			children = (
				FA1034041B8AD6E700C1FB8A /* Base */,
			);
			name = LaunchScreen.xib;
			sourceTree = "<group>";
		};
/* End PBXVariantGroup section */

/* Begin XCBuildConfiguration section */
		FA1034121B8AD6E700C1FB8A /* Debug */ = {
			isa = XCBuildConfiguration;
			buildSettings = {
				ALWAYS_SEARCH_USER_PATHS = NO;
				CLANG_CXX_LANGUAGE_STANDARD = "gnu++0x";
				CLANG_CXX_LIBRARY = "libc++";
				CLANG_ENABLE_MODULES = YES;
				CLANG_ENABLE_OBJC_ARC = YES;
				CLANG_WARN_BOOL_CONVERSION = YES;
				CLANG_WARN_CONSTANT_CONVERSION = YES;
				CLANG_WARN_DIRECT_OBJC_ISA_USAGE = YES_ERROR;
				CLANG_WARN_EMPTY_BODY = YES;
				CLANG_WARN_ENUM_CONVERSION = YES;
				CLANG_WARN_INT_CONVERSION = YES;
				CLANG_WARN_OBJC_ROOT_CLASS = YES_ERROR;
				CLANG_WARN_UNREACHABLE_CODE = YES;
				CLANG_WARN__DUPLICATE_METHOD_MATCH = YES;
				"CODE_SIGN_IDENTITY[sdk=iphoneos*]" = "iPhone Developer";
				COPY_PHASE_STRIP = NO;
				DEBUG_INFORMATION_FORMAT = "dwarf-with-dsym";
				ENABLE_STRICT_OBJC_MSGSEND = YES;
				GCC_C_LANGUAGE_STANDARD = gnu99;
				GCC_DYNAMIC_NO_PIC = NO;
				GCC_NO_COMMON_BLOCKS = YES;
				GCC_OPTIMIZATION_LEVEL = 0;
				GCC_PREPROCESSOR_DEFINITIONS = (
					"DEBUG=1",
					"$(inherited)",
				);
				GCC_SYMBOLS_PRIVATE_EXTERN = NO;
				GCC_WARN_64_TO_32_BIT_CONVERSION = YES;
				GCC_WARN_ABOUT_RETURN_TYPE = YES_ERROR;
				GCC_WARN_UNDECLARED_SELECTOR = YES;
				GCC_WARN_UNINITIALIZED_AUTOS = YES_AGGRESSIVE;
				GCC_WARN_UNUSED_FUNCTION = YES;
				GCC_WARN_UNUSED_VARIABLE = YES;
				IPHONEOS_DEPLOYMENT_TARGET = 8.4;
				MTL_ENABLE_DEBUG_INFO = YES;
				ONLY_ACTIVE_ARCH = YES;
				SDKROOT = iphoneos;
				SWIFT_OPTIMIZATION_LEVEL = "-Onone";
			};
			name = Debug;
		};
		FA1034131B8AD6E700C1FB8A /* Release */ = {
			isa = XCBuildConfiguration;
			buildSettings = {
				ALWAYS_SEARCH_USER_PATHS = NO;
				CLANG_CXX_LANGUAGE_STANDARD = "gnu++0x";
				CLANG_CXX_LIBRARY = "libc++";
				CLANG_ENABLE_MODULES = YES;
				CLANG_ENABLE_OBJC_ARC = YES;
				CLANG_WARN_BOOL_CONVERSION = YES;
				CLANG_WARN_CONSTANT_CONVERSION = YES;
				CLANG_WARN_DIRECT_OBJC_ISA_USAGE = YES_ERROR;
				CLANG_WARN_EMPTY_BODY = YES;
				CLANG_WARN_ENUM_CONVERSION = YES;
				CLANG_WARN_INT_CONVERSION = YES;
				CLANG_WARN_OBJC_ROOT_CLASS = YES_ERROR;
				CLANG_WARN_UNREACHABLE_CODE = YES;
				CLANG_WARN__DUPLICATE_METHOD_MATCH = YES;
				"CODE_SIGN_IDENTITY[sdk=iphoneos*]" = "iPhone Developer";
				COPY_PHASE_STRIP = NO;
				DEBUG_INFORMATION_FORMAT = "dwarf-with-dsym";
				ENABLE_NS_ASSERTIONS = NO;
				ENABLE_STRICT_OBJC_MSGSEND = YES;
				GCC_C_LANGUAGE_STANDARD = gnu99;
				GCC_NO_COMMON_BLOCKS = YES;
				GCC_WARN_64_TO_32_BIT_CONVERSION = YES;
				GCC_WARN_ABOUT_RETURN_TYPE = YES_ERROR;
				GCC_WARN_UNDECLARED_SELECTOR = YES;
				GCC_WARN_UNINITIALIZED_AUTOS = YES_AGGRESSIVE;
				GCC_WARN_UNUSED_FUNCTION = YES;
				GCC_WARN_UNUSED_VARIABLE = YES;
				IPHONEOS_DEPLOYMENT_TARGET = 8.4;
				MTL_ENABLE_DEBUG_INFO = NO;
				SDKROOT = iphoneos;
				VALIDATE_PRODUCT = YES;
			};
			name = Release;
		};
		FA1034151B8AD6E700C1FB8A /* Debug */ = {
			isa = XCBuildConfiguration;
			buildSettings = {
				ASSETCATALOG_COMPILER_APPICON_NAME = AppIcon;
				INFOPLIST_FILE = "L06Hello2DGame-IOS/Info.plist";
				LD_RUNPATH_SEARCH_PATHS = "$(inherited) @executable_path/Frameworks";
				PRODUCT_NAME = "$(TARGET_NAME)";
			};
			name = Debug;
		};
		FA1034161B8AD6E700C1FB8A /* Release */ = {
			isa = XCBuildConfiguration;
			buildSettings = {
				ASSETCATALOG_COMPILER_APPICON_NAME = AppIcon;
				INFOPLIST_FILE = "L06Hello2DGame-IOS/Info.plist";
				LD_RUNPATH_SEARCH_PATHS = "$(inherited) @executable_path/Frameworks";
				PRODUCT_NAME = "$(TARGET_NAME)";
			};
			name = Release;
		};
		FA1034181B8AD6E700C1FB8A /* Debug */ = {
			isa = XCBuildConfiguration;
			buildSettings = {
				BUNDLE_LOADER = "$(TEST_HOST)";
				FRAMEWORK_SEARCH_PATHS = (
					"$(SDKROOT)/Developer/Library/Frameworks",
					"$(inherited)",
				);
				GCC_PREPROCESSOR_DEFINITIONS = (
					"DEBUG=1",
					"$(inherited)",
				);
				INFOPLIST_FILE = "L06Hello2DGame-IOSTests/Info.plist";
				LD_RUNPATH_SEARCH_PATHS = "$(inherited) @executable_path/Frameworks @loader_path/Frameworks";
				PRODUCT_NAME = "$(TARGET_NAME)";
				TEST_HOST = "$(BUILT_PRODUCTS_DIR)/L06Hello2DGame-IOS.app/L06Hello2DGame-IOS";
			};
			name = Debug;
		};
		FA1034191B8AD6E700C1FB8A /* Release */ = {
			isa = XCBuildConfiguration;
			buildSettings = {
				BUNDLE_LOADER = "$(TEST_HOST)";
				FRAMEWORK_SEARCH_PATHS = (
					"$(SDKROOT)/Developer/Library/Frameworks",
					"$(inherited)",
				);
				INFOPLIST_FILE = "L06Hello2DGame-IOSTests/Info.plist";
				LD_RUNPATH_SEARCH_PATHS = "$(inherited) @executable_path/Frameworks @loader_path/Frameworks";
				PRODUCT_NAME = "$(TARGET_NAME)";
				TEST_HOST = "$(BUILT_PRODUCTS_DIR)/L06Hello2DGame-IOS.app/L06Hello2DGame-IOS";
			};
			name = Release;
		};
/* End XCBuildConfiguration section */

/* Begin XCConfigurationList section */
		FA1033EC1B8AD6E700C1FB8A /* Build configuration list for PBXProject "L06Hello2DGame-IOS" */ = {
			isa = XCConfigurationList;
			buildConfigurations = (
				FA1034121B8AD6E700C1FB8A /* Debug */,
				FA1034131B8AD6E700C1FB8A /* Release */,
			);
			defaultConfigurationIsVisible = 0;
			defaultConfigurationName = Release;
		};
		FA1034141B8AD6E700C1FB8A /* Build configuration list for PBXNativeTarget "L06Hello2DGame-IOS" */ = {
			isa = XCConfigurationList;
			buildConfigurations = (
				FA1034151B8AD6E700C1FB8A /* Debug */,
				FA1034161B8AD6E700C1FB8A /* Release */,
			);
			defaultConfigurationIsVisible = 0;
		};
		FA1034171B8AD6E700C1FB8A /* Build configuration list for PBXNativeTarget "L06Hello2DGame-IOSTests" */ = {
			isa = XCConfigurationList;
			buildConfigurations = (
				FA1034181B8AD6E700C1FB8A /* Debug */,
				FA1034191B8AD6E700C1FB8A /* Release */,
			);
			defaultConfigurationIsVisible = 0;
		};
/* End XCConfigurationList section */
	};
	rootObject = FA1033E91B8AD6E700C1FB8A /* Project object */;
}
