// !$*UTF8*$!
{
	archiveVersion = 1;
	classes = {
	};
	objectVersion = 46;
	objects = {

/* Begin PBXBuildFile section */
		FA1032A21B8ABEA500C1FB8A /* main.swift in Sources */ = {isa = PBXBuildFile; fileRef = FA1032A11B8ABEA500C1FB8A /* main.swift */; };
/* End PBXBuildFile section */

/* Begin PBXCopyFilesBuildPhase section */
		FA10329C1B8ABEA500C1FB8A /* CopyFiles */ = {
			isa = PBXCopyFilesBuildPhase;
			buildActionMask = 2147483647;
			dstPath = /usr/share/man/man1/;
			dstSubfolderSpec = 0;
			files = (
			);
			runOnlyForDeploymentPostprocessing = 1;
		};
/* End PBXCopyFilesBuildPhase section */

/* Begin PBXFileReference section */
		FA10329E1B8ABEA500C1FB8A /* L02Hello-OSX */ = {isa = PBXFileReference; explicitFileType = "compiled.mach-o.executable"; includeInIndex = 0; path = "L02Hello-OSX"; sourceTree = BUILT_PRODUCTS_DIR; };
		FA1032A11B8ABEA500C1FB8A /* main.swift */ = {isa = PBXFileReference; lastKnownFileType = sourcecode.swift; path = main.swift; sourceTree = "<group>"; };
/* End PBXFileReference section */

/* Begin PBXFrameworksBuildPhase section */
		FA10329B1B8ABEA500C1FB8A /* Frameworks */ = {
			isa = PBXFrameworksBuildPhase;
			buildActionMask = 2147483647;
			files = (
			);
			runOnlyForDeploymentPostprocessing = 0;
		};
/* End PBXFrameworksBuildPhase section */

/* Begin PBXGroup section */
		FA1032951B8ABEA500C1FB8A = {
			isa = PBXGroup;
			children = (
				FA1032A01B8ABEA500C1FB8A /* L02Hello-OSX */,
				FA10329F1B8ABEA500C1FB8A /* Products */,
			);
			sourceTree = "<group>";
		};
		FA10329F1B8ABEA500C1FB8A /* Products */ = {
			isa = PBXGroup;
			children = (
				FA10329E1B8ABEA500C1FB8A /* L02Hello-OSX */,
			);
			name = Products;
			sourceTree = "<group>";
		};
		FA1032A01B8ABEA500C1FB8A /* L02Hello-OSX */ = {
			isa = PBXGroup;
			children = (
				FA1032A11B8ABEA500C1FB8A /* main.swift */,
			);
			path = "L02Hello-OSX";
			sourceTree = "<group>";
		};
/* End PBXGroup section */

/* Begin PBXNativeTarget section */
		FA10329D1B8ABEA500C1FB8A /* L02Hello-OSX */ = {
			isa = PBXNativeTarget;
			buildConfigurationList = FA1032A51B8ABEA500C1FB8A /* Build configuration list for PBXNativeTarget "L02Hello-OSX" */;
			buildPhases = (
				FA10329A1B8ABEA500C1FB8A /* Sources */,
				FA10329B1B8ABEA500C1FB8A /* Frameworks */,
				FA10329C1B8ABEA500C1FB8A /* CopyFiles */,
			);
			buildRules = (
			);
			dependencies = (
			);
			name = "L02Hello-OSX";
			productName = "L02Hello-OSX";
			productReference = FA10329E1B8ABEA500C1FB8A /* L02Hello-OSX */;
			productType = "com.apple.product-type.tool";
		};
/* End PBXNativeTarget section */

/* Begin PBXProject section */
		FA1032961B8ABEA500C1FB8A /* Project object */ = {
			isa = PBXProject;
			attributes = {
				LastUpgradeCheck = 0640;
				ORGANIZATIONNAME = gaoruishan;
				TargetAttributes = {
					FA10329D1B8ABEA500C1FB8A = {
						CreatedOnToolsVersion = 6.4;
					};
				};
			};
			buildConfigurationList = FA1032991B8ABEA500C1FB8A /* Build configuration list for PBXProject "L02Hello-OSX" */;
			compatibilityVersion = "Xcode 3.2";
			developmentRegion = English;
			hasScannedForEncodings = 0;
			knownRegions = (
				en,
			);
			mainGroup = FA1032951B8ABEA500C1FB8A;
			productRefGroup = FA10329F1B8ABEA500C1FB8A /* Products */;
			projectDirPath = "";
			projectRoot = "";
			targets = (
				FA10329D1B8ABEA500C1FB8A /* L02Hello-OSX */,
			);
		};
/* End PBXProject section */

/* Begin PBXSourcesBuildPhase section */
		FA10329A1B8ABEA500C1FB8A /* Sources */ = {
			isa = PBXSourcesBuildPhase;
			buildActionMask = 2147483647;
			files = (
				FA1032A21B8ABEA500C1FB8A /* main.swift in Sources */,
			);
			runOnlyForDeploymentPostprocessing = 0;
		};
/* End PBXSourcesBuildPhase section */

/* Begin XCBuildConfiguration section */
		FA1032A31B8ABEA500C1FB8A /* Debug */ = {
			isa = XCBuildConfiguration;
			buildSettings = {
				ALWAYS_SEARCH_USER_PATHS = NO;
				CLANG_CXX_LANGUAGE_STANDARD = "gnu++0x";
				CLANG_CXX_LIBRARY = "libc++";
				CLANG_ENABLE_MODULES = YES;
				CLANG_ENABLE_OBJC_ARC = YES;
				CLANG_WARN_BOOL_CONVERSION = YES;
				CLANG_WARN_CONSTANT_CONVERSION = YES;
				CLANG_WARN_DIRECT_OBJC_ISA_USAGE = YES_ERROR;
				CLANG_WARN_EMPTY_BODY = YES;
				CLANG_WARN_ENUM_CONVERSION = YES;
				CLANG_WARN_INT_CONVERSION = YES;
				CLANG_WARN_OBJC_ROOT_CLASS = YES_ERROR;
				CLANG_WARN_UNREACHABLE_CODE = YES;
				CLANG_WARN__DUPLICATE_METHOD_MATCH = YES;
				COPY_PHASE_STRIP = NO;
				DEBUG_INFORMATION_FORMAT = dwarf;
				ENABLE_STRICT_OBJC_MSGSEND = YES;
				GCC_C_LANGUAGE_STANDARD = gnu99;
				GCC_DYNAMIC_NO_PIC = NO;
				GCC_NO_COMMON_BLOCKS = YES;
				GCC_OPTIMIZATION_LEVEL = 0;
				GCC_PREPROCESSOR_DEFINITIONS = (
					"DEBUG=1",
					"$(inherited)",
				);
				GCC_SYMBOLS_PRIVATE_EXTERN = NO;
				GCC_WARN_64_TO_32_BIT_CONVERSION = YES;
				GCC_WARN_ABOUT_RETURN_TYPE = YES_ERROR;
				GCC_WARN_UNDECLARED_SELECTOR = YES;
				GCC_WARN_UNINITIALIZED_AUTOS = YES_AGGRESSIVE;
				GCC_WARN_UNUSED_FUNCTION = YES;
				GCC_WARN_UNUSED_VARIABLE = YES;
				MACOSX_DEPLOYMENT_TARGET = 10.10;
				MTL_ENABLE_DEBUG_INFO = YES;
				ONLY_ACTIVE_ARCH = YES;
				SDKROOT = macosx;
				SWIFT_OPTIMIZATION_LEVEL = "-Onone";
			};
			name = Debug;
		};
		FA1032A41B8ABEA500C1FB8A /* Release */ = {
			isa = XCBuildConfiguration;
			buildSettings = {
				ALWAYS_SEARCH_USER_PATHS = NO;
				CLANG_CXX_LANGUAGE_STANDARD = "gnu++0x";
				CLANG_CXX_LIBRARY = "libc++";
				CLANG_ENABLE_MODULES = YES;
				CLANG_ENABLE_OBJC_ARC = YES;
				CLANG_WARN_BOOL_CONVERSION = YES;
				CLANG_WARN_CONSTANT_CONVERSION = YES;
				CLANG_WARN_DIRECT_OBJC_ISA_USAGE = YES_ERROR;
				CLANG_WARN_EMPTY_BODY = YES;
				CLANG_WARN_ENUM_CONVERSION = YES;
				CLANG_WARN_INT_CONVERSION = YES;
				CLANG_WARN_OBJC_ROOT_CLASS = YES_ERROR;
				CLANG_WARN_UNREACHABLE_CODE = YES;
				CLANG_WARN__DUPLICATE_METHOD_MATCH = YES;
				COPY_PHASE_STRIP = NO;
				DEBUG_INFORMATION_FORMAT = "dwarf-with-dsym";
				ENABLE_NS_ASSERTIONS = NO;
				ENABLE_STRICT_OBJC_MSGSEND = YES;
				GCC_C_LANGUAGE_STANDARD = gnu99;
				GCC_NO_COMMON_BLOCKS = YES;
				GCC_WARN_64_TO_32_BIT_CONVERSION = YES;
				GCC_WARN_ABOUT_RETURN_TYPE = YES_ERROR;
				GCC_WARN_UNDECLARED_SELECTOR = YES;
				GCC_WARN_UNINITIALIZED_AUTOS = YES_AGGRESSIVE;
				GCC_WARN_UNUSED_FUNCTION = YES;
				GCC_WARN_UNUSED_VARIABLE = YES;
				MACOSX_DEPLOYMENT_TARGET = 10.10;
				MTL_ENABLE_DEBUG_INFO = NO;
				SDKROOT = macosx;
			};
			name = Release;
		};
		FA1032A61B8ABEA500C1FB8A /* Debug */ = {
			isa = XCBuildConfiguration;
			buildSettings = {
				PRODUCT_NAME = "$(TARGET_NAME)";
			};
			name = Debug;
		};
		FA1032A71B8ABEA500C1FB8A /* Release */ = {
			isa = XCBuildConfiguration;
			buildSettings = {
				PRODUCT_NAME = "$(TARGET_NAME)";
			};
			name = Release;
		};
/* End XCBuildConfiguration section */

/* Begin XCConfigurationList section */
		FA1032991B8ABEA500C1FB8A /* Build configuration list for PBXProject "L02Hello-OSX" */ = {
			isa = XCConfigurationList;
			buildConfigurations = (
				FA1032A31B8ABEA500C1FB8A /* Debug */,
				FA1032A41B8ABEA500C1FB8A /* Release */,
			);
			defaultConfigurationIsVisible = 0;
			defaultConfigurationName = Release;
		};
		FA1032A51B8ABEA500C1FB8A /* Build configuration list for PBXNativeTarget "L02Hello-OSX" */ = {
			isa = XCConfigurationList;
			buildConfigurations = (
				FA1032A61B8ABEA500C1FB8A /* Debug */,
				FA1032A71B8ABEA500C1FB8A /* Release */,
			);
			defaultConfigurationIsVisible = 0;
		};
/* End XCConfigurationList section */
	};
	rootObject = FA1032961B8ABEA500C1FB8A /* Project object */;
}
